lockfileVersion: '6.0'

settings:
  autoInstallPeers: true
  excludeLinksFromLockfile: false

dependencies:
  text-mapper:
    specifier: ^0.1.10
    version: 0.1.10

packages:

  /arcsecond@5.0.0:
    resolution: {integrity: sha512-J/fHdyadnsIencRsM6oUSsraCKG+Ni9Udcgr/eusxjTzX3SEQtCUQSpP0YtImFPfIK6DdT1nqwN0ng4FqNmwgA==}
    dev: false

  /text-mapper@0.1.10:
    resolution: {integrity: sha512-49W1dd05Dm4fog7V+itms6mj31dztQojYmb/YV/wpOR2jri2X3VMffIuKth+l0PQSWwNtM+S9XB6tyBi/uLcHA==}
    dependencies:
      arcsecond: 5.0.0
    dev: false
